// !$*UTF8*$!
{
	archiveVersion = 1;
	classes = {
	};
	objectVersion = 56;
	objects = {

/* Begin PBXBuildFile section */
		EF1311262C01BB3600DAF673 /* onbroadingscreenApp.swift in Sources */ = {isa = PBXBuildFile; fileRef = EF1311252C01BB3600DAF673 /* onbroadingscreenApp.swift */; };
		EF1311282C01BB3600DAF673 /* ContentView.swift in Sources */ = {isa = PBXBuildFile; fileRef = EF1311272C01BB3600DAF673 /* ContentView.swift */; };
		EF13112A2C01BB3700DAF673 /* Assets.xcassets in Resources */ = {isa = PBXBuildFile; fileRef = EF1311292C01BB3700DAF673 /* Assets.xcassets */; };
		EF13112D2C01BB3700DAF673 /* Preview Assets.xcassets in Resources */ = {isa = PBXBuildFile; fileRef = EF13112C2C01BB3700DAF673 /* Preview Assets.xcassets */; };
		EF1311372C01BB3700DAF673 /* onbroadingscreenTests.swift in Sources */ = {isa = PBXBuildFile; fileRef = EF1311362C01BB3700DAF673 /* onbroadingscreenTests.swift */; };
		EF1311412C01BB3700DAF673 /* onbroadingscreenUITests.swift in Sources */ = {isa = PBXBuildFile; fileRef = EF1311402C01BB3700DAF673 /* onbroadingscreenUITests.swift */; };
		EF1311432C01BB3700DAF673 /* onbroadingscreenUITestsLaunchTests.swift in Sources */ = {isa = PBXBuildFile; fileRef = EF1311422C01BB3700DAF673 /* onbroadingscreenUITestsLaunchTests.swift */; };
/* End PBXBuildFile section */

/* Begin PBXContainerItemProxy section */
		EF1311332C01BB3700DAF673 /* PBXContainerItemProxy */ = {
			isa = PBXContainerItemProxy;
			containerPortal = EF13111A2C01BB3600DAF673 /* Project object */;
			proxyType = 1;
			remoteGlobalIDString = EF1311212C01BB3600DAF673;
			remoteInfo = onbroadingscreen;
		};
		EF13113D2C01BB3700DAF673 /* PBXContainerItemProxy */ = {
			isa = PBXContainerItemProxy;
			containerPortal = EF13111A2C01BB3600DAF673 /* Project object */;
			proxyType = 1;
			remoteGlobalIDString = EF1311212C01BB3600DAF673;
			remoteInfo = onbroadingscreen;
		};
/* End PBXContainerItemProxy section */

/* Begin PBXFileReference section */
		EF1311222C01BB3600DAF673 /* onbroadingscreen.app */ = {isa = PBXFileReference; explicitFileType = wrapper.application; includeInIndex = 0; path = onbroadingscreen.app; sourceTree = BUILT_PRODUCTS_DIR; };
		EF1311252C01BB3600DAF673 /* onbroadingscreenApp.swift */ = {isa = PBXFileReference; lastKnownFileType = sourcecode.swift; path = onbroadingscreenApp.swift; sourceTree = "<group>"; };
		EF1311272C01BB3600DAF673 /* ContentView.swift */ = {isa = PBXFileReference; lastKnownFileType = sourcecode.swift; path = ContentView.swift; sourceTree = "<group>"; };
		EF1311292C01BB3700DAF673 /* Assets.xcassets */ = {isa = PBXFileReference; lastKnownFileType = folder.assetcatalog; path = Assets.xcassets; sourceTree = "<group>"; };
		EF13112C2C01BB3700DAF673 /* Preview Assets.xcassets */ = {isa = PBXFileReference; lastKnownFileType = folder.assetcatalog; path = "Preview Assets.xcassets"; sourceTree = "<group>"; };
		EF1311322C01BB3700DAF673 /* onbroadingscreenTests.xctest */ = {isa = PBXFileReference; explicitFileType = wrapper.cfbundle; includeInIndex = 0; path = onbroadingscreenTests.xctest; sourceTree = BUILT_PRODUCTS_DIR; };
		EF1311362C01BB3700DAF673 /* onbroadingscreenTests.swift */ = {isa = PBXFileReference; lastKnownFileType = sourcecode.swift; path = onbroadingscreenTests.swift; sourceTree = "<group>"; };
		EF13113C2C01BB3700DAF673 /* onbroadingscreenUITests.xctest */ = {isa = PBXFileReference; explicitFileType = wrapper.cfbundle; includeInIndex = 0; path = onbroadingscreenUITests.xctest; sourceTree = BUILT_PRODUCTS_DIR; };
		EF1311402C01BB3700DAF673 /* onbroadingscreenUITests.swift */ = {isa = PBXFileReference; lastKnownFileType = sourcecode.swift; path = onbroadingscreenUITests.swift; sourceTree = "<group>"; };
		EF1311422C01BB3700DAF673 /* onbroadingscreenUITestsLaunchTests.swift */ = {isa = PBXFileReference; lastKnownFileType = sourcecode.swift; path = onbroadingscreenUITestsLaunchTests.swift; sourceTree = "<group>"; };
/* End PBXFileReference section */

/* Begin PBXFrameworksBuildPhase section */
		EF13111F2C01BB3600DAF673 /* Frameworks */ = {
			isa = PBXFrameworksBuildPhase;
			buildActionMask = 2147483647;
			files = (
			);
			runOnlyForDeploymentPostprocessing = 0;
		};
		EF13112F2C01BB3700DAF673 /* Frameworks */ = {
			isa = PBXFrameworksBuildPhase;
			buildActionMask = 2147483647;
			files = (
			);
			runOnlyForDeploymentPostprocessing = 0;
		};
		EF1311392C01BB3700DAF673 /* Frameworks */ = {
			isa = PBXFrameworksBuildPhase;
			buildActionMask = 2147483647;
			files = (
			);
			runOnlyForDeploymentPostprocessing = 0;
		};
/* End PBXFrameworksBuildPhase section */

/* Begin PBXGroup section */
		EF1311192C01BB3600DAF673 = {
			isa = PBXGroup;
			children = (
				EF1311242C01BB3600DAF673 /* onbroadingscreen */,
				EF1311352C01BB3700DAF673 /* onbroadingscreenTests */,
				EF13113F2C01BB3700DAF673 /* onbroadingscreenUITests */,
				EF1311232C01BB3600DAF673 /* Products */,
			);
			sourceTree = "<group>";
		};
		EF1311232C01BB3600DAF673 /* Products */ = {
			isa = PBXGroup;
			children = (
				EF1311222C01BB3600DAF673 /* onbroadingscreen.app */,
				EF1311322C01BB3700DAF673 /* onbroadingscreenTests.xctest */,
				EF13113C2C01BB3700DAF673 /* onbroadingscreenUITests.xctest */,
			);
			name = Products;
			sourceTree = "<group>";
		};
		EF1311242C01BB3600DAF673 /* onbroadingscreen */ = {
			isa = PBXGroup;
			children = (
				EF1311252C01BB3600DAF673 /* onbroadingscreenApp.swift */,
				EF1311272C01BB3600DAF673 /* ContentView.swift */,
				EF1311292C01BB3700DAF673 /* Assets.xcassets */,
				EF13112B2C01BB3700DAF673 /* Preview Content */,
			);
			path = onbroadingscreen;
			sourceTree = "<group>";
		};
		EF13112B2C01BB3700DAF673 /* Preview Content */ = {
			isa = PBXGroup;
			children = (
				EF13112C2C01BB3700DAF673 /* Preview Assets.xcassets */,
			);
			path = "Preview Content";
			sourceTree = "<group>";
		};
		EF1311352C01BB3700DAF673 /* onbroadingscreenTests */ = {
			isa = PBXGroup;
			children = (
				EF1311362C01BB3700DAF673 /* onbroadingscreenTests.swift */,
			);
			path = onbroadingscreenTests;
			sourceTree = "<group>";
		};
		EF13113F2C01BB3700DAF673 /* onbroadingscreenUITests */ = {
			isa = PBXGroup;
			children = (
				EF1311402C01BB3700DAF673 /* onbroadingscreenUITests.swift */,
				EF1311422C01BB3700DAF673 /* onbroadingscreenUITestsLaunchTests.swift */,
			);
			path = onbroadingscreenUITests;
			sourceTree = "<group>";
		};
/* End PBXGroup section */

/* Begin PBXNativeTarget section */
		EF1311212C01BB3600DAF673 /* onbroadingscreen */ = {
			isa = PBXNativeTarget;
			buildConfigurationList = EF1311462C01BB3700DAF673 /* Build configuration list for PBXNativeTarget "onbroadingscreen" */;
			buildPhases = (
				EF13111E2C01BB3600DAF673 /* Sources */,
				EF13111F2C01BB3600DAF673 /* Frameworks */,
				EF1311202C01BB3600DAF673 /* Resources */,
			);
			buildRules = (
			);
			dependencies = (
			);
			name = onbroadingscreen;
			productName = onbroadingscreen;
			productReference = EF1311222C01BB3600DAF673 /* onbroadingscreen.app */;
			productType = "com.apple.product-type.application";
		};
		EF1311312C01BB3700DAF673 /* onbroadingscreenTests */ = {
			isa = PBXNativeTarget;
			buildConfigurationList = EF1311492C01BB3700DAF673 /* Build configuration list for PBXNativeTarget "onbroadingscreenTests" */;
			buildPhases = (
				EF13112E2C01BB3700DAF673 /* Sources */,
				EF13112F2C01BB3700DAF673 /* Frameworks */,
				EF1311302C01BB3700DAF673 /* Resources */,
			);
			buildRules = (
			);
			dependencies = (
				EF1311342C01BB3700DAF673 /* PBXTargetDependency */,
			);
			name = onbroadingscreenTests;
			productName = onbroadingscreenTests;
			productReference = EF1311322C01BB3700DAF673 /* onbroadingscreenTests.xctest */;
			productType = "com.apple.product-type.bundle.unit-test";
		};
		EF13113B2C01BB3700DAF673 /* onbroadingscreenUITests */ = {
			isa = PBXNativeTarget;
			buildConfigurationList = EF13114C2C01BB3700DAF673 /* Build configuration list for PBXNativeTarget "onbroadingscreenUITests" */;
			buildPhases = (
				EF1311382C01BB3700DAF673 /* Sources */,
				EF1311392C01BB3700DAF673 /* Frameworks */,
				EF13113A2C01BB3700DAF673 /* Resources */,
			);
			buildRules = (
			);
			dependencies = (
				EF13113E2C01BB3700DAF673 /* PBXTargetDependency */,
			);
			name = onbroadingscreenUITests;
			productName = onbroadingscreenUITests;
			productReference = EF13113C2C01BB3700DAF673 /* onbroadingscreenUITests.xctest */;
			productType = "com.apple.product-type.bundle.ui-testing";
		};
/* End PBXNativeTarget section */

/* Begin PBXProject section */
		EF13111A2C01BB3600DAF673 /* Project object */ = {
			isa = PBXProject;
			attributes = {
				BuildIndependentTargetsInParallel = 1;
				LastSwiftUpdateCheck = 1540;
				LastUpgradeCheck = 1540;
				TargetAttributes = {
					EF1311212C01BB3600DAF673 = {
						CreatedOnToolsVersion = 15.4;
					};
					EF1311312C01BB3700DAF673 = {
						CreatedOnToolsVersion = 15.4;
						TestTargetID = EF1311212C01BB3600DAF673;
					};
					EF13113B2C01BB3700DAF673 = {
						CreatedOnToolsVersion = 15.4;
						TestTargetID = EF1311212C01BB3600DAF673;
					};
				};
			};
			buildConfigurationList = EF13111D2C01BB3600DAF673 /* Build configuration list for PBXProject "onbroadingscreen" */;
			compatibilityVersion = "Xcode 14.0";
			developmentRegion = en;
			hasScannedForEncodings = 0;
			knownRegions = (
				en,
				Base,
			);
			mainGroup = EF1311192C01BB3600DAF673;
			productRefGroup = EF1311232C01BB3600DAF673 /* Products */;
			projectDirPath = "";
			projectRoot = "";
			targets = (
				EF1311212C01BB3600DAF673 /* onbroadingscreen */,
				EF1311312C01BB3700DAF673 /* onbroadingscreenTests */,
				EF13113B2C01BB3700DAF673 /* onbroadingscreenUITests */,
			);
		};
/* End PBXProject section */

/* Begin PBXResourcesBuildPhase section */
		EF1311202C01BB3600DAF673 /* Resources */ = {
			isa = PBXResourcesBuildPhase;
			buildActionMask = 2147483647;
			files = (
				EF13112D2C01BB3700DAF673 /* Preview Assets.xcassets in Resources */,
				EF13112A2C01BB3700DAF673 /* Assets.xcassets in Resources */,
			);
			runOnlyForDeploymentPostprocessing = 0;
		};
		EF1311302C01BB3700DAF673 /* Resources */ = {
			isa = PBXResourcesBuildPhase;
			buildActionMask = 2147483647;
			files = (
			);
			runOnlyForDeploymentPostprocessing = 0;
		};
		EF13113A2C01BB3700DAF673 /* Resources */ = {
			isa = PBXResourcesBuildPhase;
			buildActionMask = 2147483647;
			files = (
			);
			runOnlyForDeploymentPostprocessing = 0;
		};
/* End PBXResourcesBuildPhase section */

/* Begin PBXSourcesBuildPhase section */
		EF13111E2C01BB3600DAF673 /* Sources */ = {
			isa = PBXSourcesBuildPhase;
			buildActionMask = 2147483647;
			files = (
				EF1311282C01BB3600DAF673 /* ContentView.swift in Sources */,
				EF1311262C01BB3600DAF673 /* onbroadingscreenApp.swift in Sources */,
			);
			runOnlyForDeploymentPostprocessing = 0;
		};
		EF13112E2C01BB3700DAF673 /* Sources */ = {
			isa = PBXSourcesBuildPhase;
			buildActionMask = 2147483647;
			files = (
				EF1311372C01BB3700DAF673 /* onbroadingscreenTests.swift in Sources */,
			);
			runOnlyForDeploymentPostprocessing = 0;
		};
		EF1311382C01BB3700DAF673 /* Sources */ = {
			isa = PBXSourcesBuildPhase;
			buildActionMask = 2147483647;
			files = (
				EF1311412C01BB3700DAF673 /* onbroadingscreenUITests.swift in Sources */,
				EF1311432C01BB3700DAF673 /* onbroadingscreenUITestsLaunchTests.swift in Sources */,
			);
			runOnlyForDeploymentPostprocessing = 0;
		};
/* End PBXSourcesBuildPhase section */

/* Begin PBXTargetDependency section */
		EF1311342C01BB3700DAF673 /* PBXTargetDependency */ = {
			isa = PBXTargetDependency;
			target = EF1311212C01BB3600DAF673 /* onbroadingscreen */;
			targetProxy = EF1311332C01BB3700DAF673 /* PBXContainerItemProxy */;
		};
		EF13113E2C01BB3700DAF673 /* PBXTargetDependency */ = {
			isa = PBXTargetDependency;
			target = EF1311212C01BB3600DAF673 /* onbroadingscreen */;
			targetProxy = EF13113D2C01BB3700DAF673 /* PBXContainerItemProxy */;
		};
/* End PBXTargetDependency section */

/* Begin XCBuildConfiguration section */
		EF1311442C01BB3700DAF673 /* Debug */ = {
			isa = XCBuildConfiguration;
			buildSettings = {
				ALWAYS_SEARCH_USER_PATHS = NO;
				ASSETCATALOG_COMPILER_GENERATE_SWIFT_ASSET_SYMBOL_EXTENSIONS = YES;
				CLANG_ANALYZER_NONNULL = YES;
				CLANG_ANALYZER_NUMBER_OBJECT_CONVERSION = YES_AGGRESSIVE;
				CLANG_CXX_LANGUAGE_STANDARD = "gnu++20";
				CLANG_ENABLE_MODULES = YES;
				CLANG_ENABLE_OBJC_ARC = YES;
				CLANG_ENABLE_OBJC_WEAK = YES;
				CLANG_WARN_BLOCK_CAPTURE_AUTORELEASING = YES;
				CLANG_WARN_BOOL_CONVERSION = YES;
				CLANG_WARN_COMMA = YES;
				CLANG_WARN_CONSTANT_CONVERSION = YES;
				CLANG_WARN_DEPRECATED_OBJC_IMPLEMENTATIONS = YES;
				CLANG_WARN_DIRECT_OBJC_ISA_USAGE = YES_ERROR;
				CLANG_WARN_DOCUMENTATION_COMMENTS = YES;
				CLANG_WARN_EMPTY_BODY = YES;
				CLANG_WARN_ENUM_CONVERSION = YES;
				CLANG_WARN_INFINITE_RECURSION = YES;
				CLANG_WARN_INT_CONVERSION = YES;
				CLANG_WARN_NON_LITERAL_NULL_CONVERSION = YES;
				CLANG_WARN_OBJC_IMPLICIT_RETAIN_SELF = YES;
				CLANG_WARN_OBJC_LITERAL_CONVERSION = YES;
				CLANG_WARN_OBJC_ROOT_CLASS = YES_ERROR;
				CLANG_WARN_QUOTED_INCLUDE_IN_FRAMEWORK_HEADER = YES;
				CLANG_WARN_RANGE_LOOP_ANALYSIS = YES;
				CLANG_WARN_STRICT_PROTOTYPES = YES;
				CLANG_WARN_SUSPICIOUS_MOVE = YES;
				CLANG_WARN_UNGUARDED_AVAILABILITY = YES_AGGRESSIVE;
				CLANG_WARN_UNREACHABLE_CODE = YES;
				CLANG_WARN__DUPLICATE_METHOD_MATCH = YES;
				COPY_PHASE_STRIP = NO;
				DEBUG_INFORMATION_FORMAT = dwarf;
				ENABLE_STRICT_OBJC_MSGSEND = YES;
				ENABLE_TESTABILITY = YES;
				ENABLE_USER_SCRIPT_SANDBOXING = YES;
				GCC_C_LANGUAGE_STANDARD = gnu17;
				GCC_DYNAMIC_NO_PIC = NO;
				GCC_NO_COMMON_BLOCKS = YES;
				GCC_OPTIMIZATION_LEVEL = 0;
				GCC_PREPROCESSOR_DEFINITIONS = (
					"DEBUG=1",
					"$(inherited)",
				);
				GCC_WARN_64_TO_32_BIT_CONVERSION = YES;
				GCC_WARN_ABOUT_RETURN_TYPE = YES_ERROR;
				GCC_WARN_UNDECLARED_SELECTOR = YES;
				GCC_WARN_UNINITIALIZED_AUTOS = YES_AGGRESSIVE;
				GCC_WARN_UNUSED_FUNCTION = YES;
				GCC_WARN_UNUSED_VARIABLE = YES;
				IPHONEOS_DEPLOYMENT_TARGET = 17.5;
				LOCALIZATION_PREFERS_STRING_CATALOGS = YES;
				MTL_ENABLE_DEBUG_INFO = INCLUDE_SOURCE;
				MTL_FAST_MATH = YES;
				ONLY_ACTIVE_ARCH = YES;
				SDKROOT = iphoneos;
				SWIFT_ACTIVE_COMPILATION_CONDITIONS = "DEBUG $(inherited)";
				SWIFT_OPTIMIZATION_LEVEL = "-Onone";
			};
			name = Debug;
		};
		EF1311452C01BB3700DAF673 /* Release */ = {
			isa = XCBuildConfiguration;
			buildSettings = {
				ALWAYS_SEARCH_USER_PATHS = NO;
				ASSETCATALOG_COMPILER_GENERATE_SWIFT_ASSET_SYMBOL_EXTENSIONS = YES;
				CLANG_ANALYZER_NONNULL = YES;
				CLANG_ANALYZER_NUMBER_OBJECT_CONVERSION = YES_AGGRESSIVE;
				CLANG_CXX_LANGUAGE_STANDARD = "gnu++20";
				CLANG_ENABLE_MODULES = YES;
				CLANG_ENABLE_OBJC_ARC = YES;
				CLANG_ENABLE_OBJC_WEAK = YES;
				CLANG_WARN_BLOCK_CAPTURE_AUTORELEASING = YES;
				CLANG_WARN_BOOL_CONVERSION = YES;
				CLANG_WARN_COMMA = YES;
				CLANG_WARN_CONSTANT_CONVERSION = YES;
				CLANG_WARN_DEPRECATED_OBJC_IMPLEMENTATIONS = YES;
				CLANG_WARN_DIRECT_OBJC_ISA_USAGE = YES_ERROR;
				CLANG_WARN_DOCUMENTATION_COMMENTS = YES;
				CLANG_WARN_EMPTY_BODY = YES;
				CLANG_WARN_ENUM_CONVERSION = YES;
				CLANG_WARN_INFINITE_RECURSION = YES;
				CLANG_WARN_INT_CONVERSION = YES;
				CLANG_WARN_NON_LITERAL_NULL_CONVERSION = YES;
				CLANG_WARN_OBJC_IMPLICIT_RETAIN_SELF = YES;
				CLANG_WARN_OBJC_LITERAL_CONVERSION = YES;
				CLANG_WARN_OBJC_ROOT_CLASS = YES_ERROR;
				CLANG_WARN_QUOTED_INCLUDE_IN_FRAMEWORK_HEADER = YES;
				CLANG_WARN_RANGE_LOOP_ANALYSIS = YES;
				CLANG_WARN_STRICT_PROTOTYPES = YES;
				CLANG_WARN_SUSPICIOUS_MOVE = YES;
				CLANG_WARN_UNGUARDED_AVAILABILITY = YES_AGGRESSIVE;
				CLANG_WARN_UNREACHABLE_CODE = YES;
				CLANG_WARN__DUPLICATE_METHOD_MATCH = YES;
				COPY_PHASE_STRIP = NO;
				DEBUG_INFORMATION_FORMAT = "dwarf-with-dsym";
				ENABLE_NS_ASSERTIONS = NO;
				ENABLE_STRICT_OBJC_MSGSEND = YES;
				ENABLE_USER_SCRIPT_SANDBOXING = YES;
				GCC_C_LANGUAGE_STANDARD = gnu17;
				GCC_NO_COMMON_BLOCKS = YES;
				GCC_WARN_64_TO_32_BIT_CONVERSION = YES;
				GCC_WARN_ABOUT_RETURN_TYPE = YES_ERROR;
				GCC_WARN_UNDECLARED_SELECTOR = YES;
				GCC_WARN_UNINITIALIZED_AUTOS = YES_AGGRESSIVE;
				GCC_WARN_UNUSED_FUNCTION = YES;
				GCC_WARN_UNUSED_VARIABLE = YES;
				IPHONEOS_DEPLOYMENT_TARGET = 17.5;
				LOCALIZATION_PREFERS_STRING_CATALOGS = YES;
				MTL_ENABLE_DEBUG_INFO = NO;
				MTL_FAST_MATH = YES;
				SDKROOT = iphoneos;
				SWIFT_COMPILATION_MODE = wholemodule;
				VALIDATE_PRODUCT = YES;
			};
			name = Release;
		};
		EF1311472C01BB3700DAF673 /* Debug */ = {
			isa = XCBuildConfiguration;
			buildSettings = {
				ASSETCATALOG_COMPILER_APPICON_NAME = AppIcon;
				ASSETCATALOG_COMPILER_GLOBAL_ACCENT_COLOR_NAME = AccentColor;
				CODE_SIGN_STYLE = Automatic;
				CURRENT_PROJECT_VERSION = 1;
				DEVELOPMENT_ASSET_PATHS = "\"onbroadingscreen/Preview Content\"";
				ENABLE_PREVIEWS = YES;
				GENERATE_INFOPLIST_FILE = YES;
				INFOPLIST_KEY_UIApplicationSceneManifest_Generation = YES;
				INFOPLIST_KEY_UIApplicationSupportsIndirectInputEvents = YES;
				INFOPLIST_KEY_UILaunchScreen_Generation = YES;
				INFOPLIST_KEY_UISupportedInterfaceOrientations_iPad = "UIInterfaceOrientationPortrait UIInterfaceOrientationPortraitUpsideDown UIInterfaceOrientationLandscapeLeft UIInterfaceOrientationLandscapeRight";
				INFOPLIST_KEY_UISupportedInterfaceOrientations_iPhone = "UIInterfaceOrientationPortrait UIInterfaceOrientationLandscapeLeft UIInterfaceOrientationLandscapeRight";
				LD_RUNPATH_SEARCH_PATHS = (
					"$(inherited)",
					"@executable_path/Frameworks",
				);
				MARKETING_VERSION = 1.0;
				PRODUCT_BUNDLE_IDENTIFIER = swift.onbroadingscreen;
				PRODUCT_NAME = "$(TARGET_NAME)";
				SWIFT_EMIT_LOC_STRINGS = YES;
				SWIFT_VERSION = 5.0;
				TARGETED_DEVICE_FAMILY = "1,2";
			};
			name = Debug;
		};
		EF1311482C01BB3700DAF673 /* Release */ = {
			isa = XCBuildConfiguration;
			buildSettings = {
				ASSETCATALOG_COMPILER_APPICON_NAME = AppIcon;
				ASSETCATALOG_COMPILER_GLOBAL_ACCENT_COLOR_NAME = AccentColor;
				CODE_SIGN_STYLE = Automatic;
				CURRENT_PROJECT_VERSION = 1;
				DEVELOPMENT_ASSET_PATHS = "\"onbroadingscreen/Preview Content\"";
				ENABLE_PREVIEWS = YES;
				GENERATE_INFOPLIST_FILE = YES;
				INFOPLIST_KEY_UIApplicationSceneManifest_Generation = YES;
				INFOPLIST_KEY_UIApplicationSupportsIndirectInputEvents = YES;
				INFOPLIST_KEY_UILaunchScreen_Generation = YES;
				INFOPLIST_KEY_UISupportedInterfaceOrientations_iPad = "UIInterfaceOrientationPortrait UIInterfaceOrientationPortraitUpsideDown UIInterfaceOrientationLandscapeLeft UIInterfaceOrientationLandscapeRight";
				INFOPLIST_KEY_UISupportedInterfaceOrientations_iPhone = "UIInterfaceOrientationPortrait UIInterfaceOrientationLandscapeLeft UIInterfaceOrientationLandscapeRight";
				LD_RUNPATH_SEARCH_PATHS = (
					"$(inherited)",
					"@executable_path/Frameworks",
				);
				MARKETING_VERSION = 1.0;
				PRODUCT_BUNDLE_IDENTIFIER = swift.onbroadingscreen;
				PRODUCT_NAME = "$(TARGET_NAME)";
				SWIFT_EMIT_LOC_STRINGS = YES;
				SWIFT_VERSION = 5.0;
				TARGETED_DEVICE_FAMILY = "1,2";
			};
			name = Release;
		};
		EF13114A2C01BB3700DAF673 /* Debug */ = {
			isa = XCBuildConfiguration;
			buildSettings = {
				ALWAYS_EMBED_SWIFT_STANDARD_LIBRARIES = YES;
				BUNDLE_LOADER = "$(TEST_HOST)";
				CODE_SIGN_STYLE = Automatic;
				CURRENT_PROJECT_VERSION = 1;
				GENERATE_INFOPLIST_FILE = YES;
				IPHONEOS_DEPLOYMENT_TARGET = 17.5;
				MARKETING_VERSION = 1.0;
				PRODUCT_BUNDLE_IDENTIFIER = swift.onbroadingscreenTests;
				PRODUCT_NAME = "$(TARGET_NAME)";
				SWIFT_EMIT_LOC_STRINGS = NO;
				SWIFT_VERSION = 5.0;
				TARGETED_DEVICE_FAMILY = "1,2";
				TEST_HOST = "$(BUILT_PRODUCTS_DIR)/onbroadingscreen.app/$(BUNDLE_EXECUTABLE_FOLDER_PATH)/onbroadingscreen";
			};
			name = Debug;
		};
		EF13114B2C01BB3700DAF673 /* Release */ = {
			isa = XCBuildConfiguration;
			buildSettings = {
				ALWAYS_EMBED_SWIFT_STANDARD_LIBRARIES = YES;
				BUNDLE_LOADER = "$(TEST_HOST)";
				CODE_SIGN_STYLE = Automatic;
				CURRENT_PROJECT_VERSION = 1;
				GENERATE_INFOPLIST_FILE = YES;
				IPHONEOS_DEPLOYMENT_TARGET = 17.5;
				MARKETING_VERSION = 1.0;
				PRODUCT_BUNDLE_IDENTIFIER = swift.onbroadingscreenTests;
				PRODUCT_NAME = "$(TARGET_NAME)";
				SWIFT_EMIT_LOC_STRINGS = NO;
				SWIFT_VERSION = 5.0;
				TARGETED_DEVICE_FAMILY = "1,2";
				TEST_HOST = "$(BUILT_PRODUCTS_DIR)/onbroadingscreen.app/$(BUNDLE_EXECUTABLE_FOLDER_PATH)/onbroadingscreen";
			};
			name = Release;
		};
		EF13114D2C01BB3700DAF673 /* Debug */ = {
			isa = XCBuildConfiguration;
			buildSettings = {
				ALWAYS_EMBED_SWIFT_STANDARD_LIBRARIES = YES;
				CODE_SIGN_STYLE = Automatic;
				CURRENT_PROJECT_VERSION = 1;
				GENERATE_INFOPLIST_FILE = YES;
				MARKETING_VERSION = 1.0;
				PRODUCT_BUNDLE_IDENTIFIER = swift.onbroadingscreenUITests;
				PRODUCT_NAME = "$(TARGET_NAME)";
				SWIFT_EMIT_LOC_STRINGS = NO;
				SWIFT_VERSION = 5.0;
				TARGETED_DEVICE_FAMILY = "1,2";
				TEST_TARGET_NAME = onbroadingscreen;
			};
			name = Debug;
		};
		EF13114E2C01BB3700DAF673 /* Release */ = {
			isa = XCBuildConfiguration;
			buildSettings = {
				ALWAYS_EMBED_SWIFT_STANDARD_LIBRARIES = YES;
				CODE_SIGN_STYLE = Automatic;
				CURRENT_PROJECT_VERSION = 1;
				GENERATE_INFOPLIST_FILE = YES;
				MARKETING_VERSION = 1.0;
				PRODUCT_BUNDLE_IDENTIFIER = swift.onbroadingscreenUITests;
				PRODUCT_NAME = "$(TARGET_NAME)";
				SWIFT_EMIT_LOC_STRINGS = NO;
				SWIFT_VERSION = 5.0;
				TARGETED_DEVICE_FAMILY = "1,2";
				TEST_TARGET_NAME = onbroadingscreen;
			};
			name = Release;
		};
/* End XCBuildConfiguration section */

/* Begin XCConfigurationList section */
		EF13111D2C01BB3600DAF673 /* Build configuration list for PBXProject "onbroadingscreen" */ = {
			isa = XCConfigurationList;
			buildConfigurations = (
				EF1311442C01BB3700DAF673 /* Debug */,
				EF1311452C01BB3700DAF673 /* Release */,
			);
			defaultConfigurationIsVisible = 0;
			defaultConfigurationName = Release;
		};
		EF1311462C01BB3700DAF673 /* Build configuration list for PBXNativeTarget "onbroadingscreen" */ = {
			isa = XCConfigurationList;
			buildConfigurations = (
				EF1311472C01BB3700DAF673 /* Debug */,
				EF1311482C01BB3700DAF673 /* Release */,
			);
			defaultConfigurationIsVisible = 0;
			defaultConfigurationName = Release;
		};
		EF1311492C01BB3700DAF673 /* Build configuration list for PBXNativeTarget "onbroadingscreenTests" */ = {
			isa = XCConfigurationList;
			buildConfigurations = (
				EF13114A2C01BB3700DAF673 /* Debug */,
				EF13114B2C01BB3700DAF673 /* Release */,
			);
			defaultConfigurationIsVisible = 0;
			defaultConfigurationName = Release;
		};
		EF13114C2C01BB3700DAF673 /* Build configuration list for PBXNativeTarget "onbroadingscreenUITests" */ = {
			isa = XCConfigurationList;
			buildConfigurations = (
				EF13114D2C01BB3700DAF673 /* Debug */,
				EF13114E2C01BB3700DAF673 /* Release */,
			);
			defaultConfigurationIsVisible = 0;
			defaultConfigurationName = Release;
		};
/* End XCConfigurationList section */
	};
	rootObject = EF13111A2C01BB3600DAF673 /* Project object */;
}
